// !$*UTF8*$!
{
	archiveVersion = 1;
	classes = {
	};
	objectVersion = 48;
	objects = {

/* Begin PBXBuildFile section */
		FBAD41351EEC14920066DD90 /* AppDelegate.swift in Sources */ = {isa = PBXBuildFile; fileRef = FBAD41341EEC14920066DD90 /* AppDelegate.swift */; };
		FBAD41371EEC14920066DD90 /* ViewController.swift in Sources */ = {isa = PBXBuildFile; fileRef = FBAD41361EEC14920066DD90 /* ViewController.swift */; };
		FBAD413A1EEC14920066DD90 /* Main.storyboard in Resources */ = {isa = PBXBuildFile; fileRef = FBAD41381EEC14920066DD90 /* Main.storyboard */; };
		FBAD413C1EEC14920066DD90 /* Assets.xcassets in Resources */ = {isa = PBXBuildFile; fileRef = FBAD413B1EEC14920066DD90 /* Assets.xcassets */; };
		FBAD413F1EEC14920066DD90 /* LaunchScreen.storyboard in Resources */ = {isa = PBXBuildFile; fileRef = FBAD413D1EEC14920066DD90 /* LaunchScreen.storyboard */; };
		FBD4D2A71EEC2151000F1BBF /* Resnet50.mlmodel in Sources */ = {isa = PBXBuildFile; fileRef = FBD4D2A61EEC2151000F1BBF /* Resnet50.mlmodel */; };
		FBE4A4CD1EF2829200FCC484 /* ViewController+PickerViewDelegate.swift in Sources */ = {isa = PBXBuildFile; fileRef = FBE4A4CC1EF2829200FCC484 /* ViewController+PickerViewDelegate.swift */; };
/* End PBXBuildFile section */

/* Begin PBXFileReference section */
		FBAD41311EEC14920066DD90 /* CoreMLTest.app */ = {isa = PBXFileReference; explicitFileType = wrapper.application; includeInIndex = 0; path = CoreMLTest.app; sourceTree = BUILT_PRODUCTS_DIR; };
		FBAD41341EEC14920066DD90 /* AppDelegate.swift */ = {isa = PBXFileReference; lastKnownFileType = sourcecode.swift; path = AppDelegate.swift; sourceTree = "<group>"; };
		FBAD41361EEC14920066DD90 /* ViewController.swift */ = {isa = PBXFileReference; lastKnownFileType = sourcecode.swift; path = ViewController.swift; sourceTree = "<group>"; };
		FBAD41391EEC14920066DD90 /* Base */ = {isa = PBXFileReference; lastKnownFileType = file.storyboard; name = Base; path = Base.lproj/Main.storyboard; sourceTree = "<group>"; };
		FBAD413B1EEC14920066DD90 /* Assets.xcassets */ = {isa = PBXFileReference; lastKnownFileType = folder.assetcatalog; path = Assets.xcassets; sourceTree = "<group>"; };
		FBAD413E1EEC14920066DD90 /* Base */ = {isa = PBXFileReference; lastKnownFileType = file.storyboard; name = Base; path = Base.lproj/LaunchScreen.storyboard; sourceTree = "<group>"; };
		FBAD41401EEC14920066DD90 /* Info.plist */ = {isa = PBXFileReference; lastKnownFileType = text.plist.xml; path = Info.plist; sourceTree = "<group>"; };
		FBD4D2A61EEC2151000F1BBF /* Resnet50.mlmodel */ = {isa = PBXFileReference; lastKnownFileType = file.mlmodel; name = Resnet50.mlmodel; path = ../../../Downloads/Resnet50.mlmodel; sourceTree = "<group>"; };
		FBE4A4CA1EF2762B00FCC484 /* README.md */ = {isa = PBXFileReference; lastKnownFileType = net.daringfireball.markdown; path = README.md; sourceTree = "<group>"; };
		FBE4A4CC1EF2829200FCC484 /* ViewController+PickerViewDelegate.swift */ = {isa = PBXFileReference; lastKnownFileType = sourcecode.swift; path = "ViewController+PickerViewDelegate.swift"; sourceTree = "<group>"; };
/* End PBXFileReference section */

/* Begin PBXFrameworksBuildPhase section */
		FBAD412E1EEC14920066DD90 /* Frameworks */ = {
			isa = PBXFrameworksBuildPhase;
			buildActionMask = 2147483647;
			files = (
			);
			runOnlyForDeploymentPostprocessing = 0;
		};
/* End PBXFrameworksBuildPhase section */

/* Begin PBXGroup section */
		FBAD41281EEC14920066DD90 = {
			isa = PBXGroup;
			children = (
				FBAD41331EEC14920066DD90 /* CoreMLTest */,
				FBAD41321EEC14920066DD90 /* Products */,
			);
			sourceTree = "<group>";
		};
		FBAD41321EEC14920066DD90 /* Products */ = {
			isa = PBXGroup;
			children = (
				FBAD41311EEC14920066DD90 /* CoreMLTest.app */,
			);
			name = Products;
			sourceTree = "<group>";
		};
		FBAD41331EEC14920066DD90 /* CoreMLTest */ = {
			isa = PBXGroup;
			children = (
				FBD4D2A61EEC2151000F1BBF /* Resnet50.mlmodel */,
				FBAD41341EEC14920066DD90 /* AppDelegate.swift */,
				FBE4A4CA1EF2762B00FCC484 /* README.md */,
				FBAD41361EEC14920066DD90 /* ViewController.swift */,
				FBE4A4CC1EF2829200FCC484 /* ViewController+PickerViewDelegate.swift */,
				FBAD41381EEC14920066DD90 /* Main.storyboard */,
				FBAD413B1EEC14920066DD90 /* Assets.xcassets */,
				FBAD413D1EEC14920066DD90 /* LaunchScreen.storyboard */,
				FBAD41401EEC14920066DD90 /* Info.plist */,
			);
			path = CoreMLTest;
			sourceTree = "<group>";
		};
/* End PBXGroup section */

/* Begin PBXNativeTarget section */
		FBAD41301EEC14920066DD90 /* CoreMLTest */ = {
			isa = PBXNativeTarget;
			buildConfigurationList = FBAD41431EEC14920066DD90 /* Build configuration list for PBXNativeTarget "CoreMLTest" */;
			buildPhases = (
				FBAD412D1EEC14920066DD90 /* Sources */,
				FBAD412E1EEC14920066DD90 /* Frameworks */,
				FBAD412F1EEC14920066DD90 /* Resources */,
			);
			buildRules = (
			);
			dependencies = (
			);
			name = CoreMLTest;
			productName = CoreMLTest;
			productReference = FBAD41311EEC14920066DD90 /* CoreMLTest.app */;
			productType = "com.apple.product-type.application";
		};
/* End PBXNativeTarget section */

/* Begin PBXProject section */
		FBAD41291EEC14920066DD90 /* Project object */ = {
			isa = PBXProject;
			attributes = {
				LastSwiftUpdateCheck = 0900;
				LastUpgradeCheck = 0900;
				ORGANIZATIONNAME = lwj;
				TargetAttributes = {
					FBAD41301EEC14920066DD90 = {
						CreatedOnToolsVersion = 9.0;
					};
				};
			};
			buildConfigurationList = FBAD412C1EEC14920066DD90 /* Build configuration list for PBXProject "CoreMLTest" */;
			compatibilityVersion = "Xcode 8.0";
			developmentRegion = en;
			hasScannedForEncodings = 0;
			knownRegions = (
				en,
				Base,
			);
			mainGroup = FBAD41281EEC14920066DD90;
			productRefGroup = FBAD41321EEC14920066DD90 /* Products */;
			projectDirPath = "";
			projectRoot = "";
			targets = (
				FBAD41301EEC14920066DD90 /* CoreMLTest */,
			);
		};
/* End PBXProject section */

/* Begin PBXResourcesBuildPhase section */
		FBAD412F1EEC14920066DD90 /* Resources */ = {
			isa = PBXResourcesBuildPhase;
			buildActionMask = 2147483647;
			files = (
				FBAD413F1EEC14920066DD90 /* LaunchScreen.storyboard in Resources */,
				FBAD413C1EEC14920066DD90 /* Assets.xcassets in Resources */,
				FBAD413A1EEC14920066DD90 /* Main.storyboard in Resources */,
			);
			runOnlyForDeploymentPostprocessing = 0;
		};
/* End PBXResourcesBuildPhase section */

/* Begin PBXSourcesBuildPhase section */
		FBAD412D1EEC14920066DD90 /* Sources */ = {
			isa = PBXSourcesBuildPhase;
			buildActionMask = 2147483647;
			files = (
				FBE4A4CD1EF2829200FCC484 /* ViewController+PickerViewDelegate.swift in Sources */,
				FBAD41371EEC14920066DD90 /* ViewController.swift in Sources */,
				FBD4D2A71EEC2151000F1BBF /* Resnet50.mlmodel in Sources */,
				FBAD41351EEC14920066DD90 /* AppDelegate.swift in Sources */,
			);
			runOnlyForDeploymentPostprocessing = 0;
		};
/* End PBXSourcesBuildPhase section */

/* Begin PBXVariantGroup section */
		FBAD41381EEC14920066DD90 /* Main.storyboard */ = {
			isa = PBXVariantGroup;
			children = (
				FBAD41391EEC14920066DD90 /* Base */,
			);
			name = Main.storyboard;
			sourceTree = "<group>";
		};
		FBAD413D1EEC14920066DD90 /* LaunchScreen.storyboard */ = {
			isa = PBXVariantGroup;
			children = (
				FBAD413E1EEC14920066DD90 /* Base */,
			);
			name = LaunchScreen.storyboard;
			sourceTree = "<group>";
		};
/* End PBXVariantGroup section */

/* Begin XCBuildConfiguration section */
		FBAD41411EEC14920066DD90 /* Debug */ = {
			isa = XCBuildConfiguration;
			buildSettings = {
				ALWAYS_SEARCH_USER_PATHS = NO;
				CLANG_ANALYZER_NONNULL = YES;
				CLANG_ANALYZER_NUMBER_OBJECT_CONVERSION = YES_AGGRESSIVE;
				CLANG_CXX_LANGUAGE_STANDARD = "gnu++14";
				CLANG_CXX_LIBRARY = "libc++";
				CLANG_ENABLE_MODULES = YES;
				CLANG_ENABLE_OBJC_ARC = YES;
				CLANG_WARN_BLOCK_CAPTURE_AUTORELEASING = YES;
				CLANG_WARN_BOOL_CONVERSION = YES;
				CLANG_WARN_COMMA = YES;
				CLANG_WARN_CONSTANT_CONVERSION = YES;
				CLANG_WARN_DIRECT_OBJC_ISA_USAGE = YES_ERROR;
				CLANG_WARN_DOCUMENTATION_COMMENTS = YES;
				CLANG_WARN_EMPTY_BODY = YES;
				CLANG_WARN_ENUM_CONVERSION = YES;
				CLANG_WARN_INFINITE_RECURSION = YES;
				CLANG_WARN_INT_CONVERSION = YES;
				CLANG_WARN_OBJC_ROOT_CLASS = YES_ERROR;
				CLANG_WARN_RANGE_LOOP_ANALYSIS = YES;
				CLANG_WARN_STRICT_PROTOTYPES = YES;
				CLANG_WARN_SUSPICIOUS_MOVE = YES;
				CLANG_WARN_UNGUARDED_AVAILABILITY = YES_AGGRESSIVE;
				CLANG_WARN_UNREACHABLE_CODE = YES;
				CLANG_WARN__DUPLICATE_METHOD_MATCH = YES;
				CODE_SIGN_IDENTITY = "iPhone Developer";
				COPY_PHASE_STRIP = NO;
				DEBUG_INFORMATION_FORMAT = dwarf;
				ENABLE_STRICT_OBJC_MSGSEND = YES;
				ENABLE_TESTABILITY = YES;
				GCC_C_LANGUAGE_STANDARD = gnu11;
				GCC_DYNAMIC_NO_PIC = NO;
				GCC_NO_COMMON_BLOCKS = YES;
				GCC_OPTIMIZATION_LEVEL = 0;
				GCC_PREPROCESSOR_DEFINITIONS = (
					"DEBUG=1",
					"$(inherited)",
				);
				GCC_WARN_64_TO_32_BIT_CONVERSION = YES;
				GCC_WARN_ABOUT_RETURN_TYPE = YES_ERROR;
				GCC_WARN_UNDECLARED_SELECTOR = YES;
				GCC_WARN_UNINITIALIZED_AUTOS = YES_AGGRESSIVE;
				GCC_WARN_UNUSED_FUNCTION = YES;
				GCC_WARN_UNUSED_VARIABLE = YES;
				IPHONEOS_DEPLOYMENT_TARGET = 11.0;
				MTL_ENABLE_DEBUG_INFO = YES;
				ONLY_ACTIVE_ARCH = YES;
				SDKROOT = iphoneos;
				SWIFT_ACTIVE_COMPILATION_CONDITIONS = DEBUG;
				SWIFT_OPTIMIZATION_LEVEL = "-Onone";
			};
			name = Debug;
		};
		FBAD41421EEC14920066DD90 /* Release */ = {
			isa = XCBuildConfiguration;
			buildSettings = {
				ALWAYS_SEARCH_USER_PATHS = NO;
				CLANG_ANALYZER_NONNULL = YES;
				CLANG_ANALYZER_NUMBER_OBJECT_CONVERSION = YES_AGGRESSIVE;
				CLANG_CXX_LANGUAGE_STANDARD = "gnu++14";
				CLANG_CXX_LIBRARY = "libc++";
				CLANG_ENABLE_MODULES = YES;
				CLANG_ENABLE_OBJC_ARC = YES;
				CLANG_WARN_BLOCK_CAPTURE_AUTORELEASING = YES;
				CLANG_WARN_BOOL_CONVERSION = YES;
				CLANG_WARN_COMMA = YES;
				CLANG_WARN_CONSTANT_CONVERSION = YES;
				CLANG_WARN_DIRECT_OBJC_ISA_USAGE = YES_ERROR;
				CLANG_WARN_DOCUMENTATION_COMMENTS = YES;
				CLANG_WARN_EMPTY_BODY = YES;
				CLANG_WARN_ENUM_CONVERSION = YES;
				CLANG_WARN_INFINITE_RECURSION = YES;
				CLANG_WARN_INT_CONVERSION = YES;
				CLANG_WARN_OBJC_ROOT_CLASS = YES_ERROR;
				CLANG_WARN_RANGE_LOOP_ANALYSIS = YES;
				CLANG_WARN_STRICT_PROTOTYPES = YES;
				CLANG_WARN_SUSPICIOUS_MOVE = YES;
				CLANG_WARN_UNGUARDED_AVAILABILITY = YES_AGGRESSIVE;
				CLANG_WARN_UNREACHABLE_CODE = YES;
				CLANG_WARN__DUPLICATE_METHOD_MATCH = YES;
				CODE_SIGN_IDENTITY = "iPhone Developer";
				COPY_PHASE_STRIP = NO;
				DEBUG_INFORMATION_FORMAT = "dwarf-with-dsym";
				ENABLE_NS_ASSERTIONS = NO;
				ENABLE_STRICT_OBJC_MSGSEND = YES;
				GCC_C_LANGUAGE_STANDARD = gnu11;
				GCC_NO_COMMON_BLOCKS = YES;
				GCC_WARN_64_TO_32_BIT_CONVERSION = YES;
				GCC_WARN_ABOUT_RETURN_TYPE = YES_ERROR;
				GCC_WARN_UNDECLARED_SELECTOR = YES;
				GCC_WARN_UNINITIALIZED_AUTOS = YES_AGGRESSIVE;
				GCC_WARN_UNUSED_FUNCTION = YES;
				GCC_WARN_UNUSED_VARIABLE = YES;
				IPHONEOS_DEPLOYMENT_TARGET = 11.0;
				MTL_ENABLE_DEBUG_INFO = NO;
				SDKROOT = iphoneos;
				SWIFT_OPTIMIZATION_LEVEL = "-Owholemodule";
				VALIDATE_PRODUCT = YES;
			};
			name = Release;
		};
		FBAD41441EEC14920066DD90 /* Debug */ = {
			isa = XCBuildConfiguration;
			buildSettings = {
				ASSETCATALOG_COMPILER_APPICON_NAME = AppIcon;
				DEVELOPMENT_TEAM = PLHL7K9347;
				INFOPLIST_FILE = CoreMLTest/Info.plist;
				LD_RUNPATH_SEARCH_PATHS = "$(inherited) @executable_path/Frameworks";
				PRODUCT_BUNDLE_IDENTIFIER = lwj.CoreMLTest;
				PRODUCT_NAME = "$(TARGET_NAME)";
				SWIFT_VERSION = 4.0;
				TARGETED_DEVICE_FAMILY = "1,2";
			};
			name = Debug;
		};
		FBAD41451EEC14920066DD90 /* Release */ = {
			isa = XCBuildConfiguration;
			buildSettings = {
				ASSETCATALOG_COMPILER_APPICON_NAME = AppIcon;
				DEVELOPMENT_TEAM = PLHL7K9347;
				INFOPLIST_FILE = CoreMLTest/Info.plist;
				LD_RUNPATH_SEARCH_PATHS = "$(inherited) @executable_path/Frameworks";
				PRODUCT_BUNDLE_IDENTIFIER = lwj.CoreMLTest;
				PRODUCT_NAME = "$(TARGET_NAME)";
				SWIFT_VERSION = 4.0;
				TARGETED_DEVICE_FAMILY = "1,2";
			};
			name = Release;
		};
/* End XCBuildConfiguration section */

/* Begin XCConfigurationList section */
		FBAD412C1EEC14920066DD90 /* Build configuration list for PBXProject "CoreMLTest" */ = {
			isa = XCConfigurationList;
			buildConfigurations = (
				FBAD41411EEC14920066DD90 /* Debug */,
				FBAD41421EEC14920066DD90 /* Release */,
			);
			defaultConfigurationIsVisible = 0;
			defaultConfigurationName = Release;
		};
		FBAD41431EEC14920066DD90 /* Build configuration list for PBXNativeTarget "CoreMLTest" */ = {
			isa = XCConfigurationList;
			buildConfigurations = (
				FBAD41441EEC14920066DD90 /* Debug */,
				FBAD41451EEC14920066DD90 /* Release */,
			);
			defaultConfigurationIsVisible = 0;
			defaultConfigurationName = Release;
		};
/* End XCConfigurationList section */
	};
	rootObject = FBAD41291EEC14920066DD90 /* Project object */;
}
